
Microsoft Visual Studio Solution File, Format Version 12.00
# Visual Studio Version 17
VisualStudioVersion = 17.4.33006.217
MinimumVisualStudioVersion = 10.0.40219.1
Project("{FAE04EC0-301F-11D3-BF4B-00C04F79EFBC}") = "SQLSynSugarAndValidation", "SQLSynSugarAndValidation\SQLSynSugarAndValidation.csproj", "{F14C5D20-D1C6-4830-B56E-5B6CAA329DA6}"
EndProject
Project("{9A19103F-16F7-4668-BE54-9A1E7A4F7556}") = "UnitTests", "UnitTests\UnitTests.csproj", "{F2661ED4-48F7-4F33-A69B-59893D7A9638}"
EndProject
Project("{FAE04EC0-301F-11D3-BF4B-00C04F79EFBC}") = "SourceControlDeepLinks", "SourceControlDeepLinks\SourceControlDeepLinks.csproj", "{4E7F8FB3-33EE-4284-87FE-E78EBDDB1406}"
EndProject
Project("{FAE04EC0-301F-11D3-BF4B-00C04F79EFBC}") = "SQLPaste", "SQLPaste\SQLPaste.csproj", "{5150B5EF-A45D-4413-88D4-74170633301D}"
EndProject
Project("{FAE04EC0-301F-11D3-BF4B-00C04F79EFBC}") = "SSMSVSUtils", "SSMSVSUtils\SSMSVSUtils.csproj", "{D298403F-60CC-469C-8346-4D7FA4EE9AB4}"
EndProject
Project("{D954291E-2A0B-460D-934E-DC6B0785DB48}") = "SharedSrc", "SharedSrc\SharedSrc.shproj", "{3C01A506-2C7D-4960-87C0-3CBAC57BC1D5}"
EndProject
Project("{FAE04EC0-301F-11D3-BF4B-00C04F79EFBC}") = "SourceControlDeepLinksVS2022", "SourceControlDeepLinksVS2022\SourceControlDeepLinksVS2022.csproj", "{6124E701-D127-43CC-A495-EE03614F427E}"
EndProject
Project("{D954291E-2A0B-460D-934E-DC6B0785DB48}") = "SourceControlDLShared", "SourceControlDLShared\SourceControlDLShared.shproj", "{373DCC21-2FF6-40CA-8108-0DC646CA4553}"
EndProject
Project("{FAE04EC0-301F-11D3-BF4B-00C04F79EFBC}") = "SQLPasteVS2022", "SQLPasteVS2022\SQLPasteVS2022.csproj", "{E324EE0E-3065-4319-968D-301F51AC0578}"
EndProject
Project("{D954291E-2A0B-460D-934E-DC6B0785DB48}") = "SQLPasteShared", "SQLPasteShared\SQLPasteShared.shproj", "{373EC34A-F4A0-4CB3-80FB-26884BAE0FB4}"
EndProject
Project("{D954291E-2A0B-460D-934E-DC6B0785DB48}") = "StringProcessorShared", "StringProcessorShared\StringProcessorShared.shproj", "{0CD91EDB-9DF6-4D46-9CBB-1D7BF984A8C1}"
EndProject
Project("{D954291E-2A0B-460D-934E-DC6B0785DB48}") = "SourceControlDLSharedNoDep", "SourceControlDLShared2\SourceControlDLSharedNoDep.shproj", "{C5259345-0E97-4820-AADD-A4343B8D9F12}"
EndProject
Global
	GlobalSection(SolutionConfigurationPlatforms) = preSolution
		Debug|Any CPU = Debug|Any CPU
		Debug|arm64 = Debug|arm64
		Debug|x86 = Debug|x86
		Release|Any CPU = Release|Any CPU
		Release|arm64 = Release|arm64
		Release|x86 = Release|x86
	EndGlobalSection
	GlobalSection(ProjectConfigurationPlatforms) = postSolution
		{F14C5D20-D1C6-4830-B56E-5B6CAA329DA6}.Debug|Any CPU.ActiveCfg = Debug|Any CPU
		{F14C5D20-D1C6-4830-B56E-5B6CAA329DA6}.Debug|Any CPU.Build.0 = Debug|Any CPU
		{F14C5D20-D1C6-4830-B56E-5B6CAA329DA6}.Debug|arm64.ActiveCfg = Debug|Any CPU
		{F14C5D20-D1C6-4830-B56E-5B6CAA329DA6}.Debug|arm64.Build.0 = Debug|Any CPU
		{F14C5D20-D1C6-4830-B56E-5B6CAA329DA6}.Debug|x86.ActiveCfg = Debug|Any CPU
		{F14C5D20-D1C6-4830-B56E-5B6CAA329DA6}.Debug|x86.Build.0 = Debug|Any CPU
		{F14C5D20-D1C6-4830-B56E-5B6CAA329DA6}.Release|Any CPU.ActiveCfg = Release|Any CPU
		{F14C5D20-D1C6-4830-B56E-5B6CAA329DA6}.Release|Any CPU.Build.0 = Release|Any CPU
		{F14C5D20-D1C6-4830-B56E-5B6CAA329DA6}.Release|arm64.ActiveCfg = Release|Any CPU
		{F14C5D20-D1C6-4830-B56E-5B6CAA329DA6}.Release|arm64.Build.0 = Release|Any CPU
		{F14C5D20-D1C6-4830-B56E-5B6CAA329DA6}.Release|x86.ActiveCfg = Release|Any CPU
		{F14C5D20-D1C6-4830-B56E-5B6CAA329DA6}.Release|x86.Build.0 = Release|Any CPU
		{F2661ED4-48F7-4F33-A69B-59893D7A9638}.Debug|Any CPU.ActiveCfg = Debug|Any CPU
		{F2661ED4-48F7-4F33-A69B-59893D7A9638}.Debug|Any CPU.Build.0 = Debug|Any CPU
		{F2661ED4-48F7-4F33-A69B-59893D7A9638}.Debug|arm64.ActiveCfg = Debug|Any CPU
		{F2661ED4-48F7-4F33-A69B-59893D7A9638}.Debug|arm64.Build.0 = Debug|Any CPU
		{F2661ED4-48F7-4F33-A69B-59893D7A9638}.Debug|x86.ActiveCfg = Debug|Any CPU
		{F2661ED4-48F7-4F33-A69B-59893D7A9638}.Debug|x86.Build.0 = Debug|Any CPU
		{F2661ED4-48F7-4F33-A69B-59893D7A9638}.Release|Any CPU.ActiveCfg = Release|Any CPU
		{F2661ED4-48F7-4F33-A69B-59893D7A9638}.Release|Any CPU.Build.0 = Release|Any CPU
		{F2661ED4-48F7-4F33-A69B-59893D7A9638}.Release|arm64.ActiveCfg = Release|Any CPU
		{F2661ED4-48F7-4F33-A69B-59893D7A9638}.Release|arm64.Build.0 = Release|Any CPU
		{F2661ED4-48F7-4F33-A69B-59893D7A9638}.Release|x86.ActiveCfg = Release|Any CPU
		{F2661ED4-48F7-4F33-A69B-59893D7A9638}.Release|x86.Build.0 = Release|Any CPU
		{4E7F8FB3-33EE-4284-87FE-E78EBDDB1406}.Debug|Any CPU.ActiveCfg = Debug|Any CPU
		{4E7F8FB3-33EE-4284-87FE-E78EBDDB1406}.Debug|Any CPU.Build.0 = Debug|Any CPU
		{4E7F8FB3-33EE-4284-87FE-E78EBDDB1406}.Debug|arm64.ActiveCfg = Debug|Any CPU
		{4E7F8FB3-33EE-4284-87FE-E78EBDDB1406}.Debug|arm64.Build.0 = Debug|Any CPU
		{4E7F8FB3-33EE-4284-87FE-E78EBDDB1406}.Debug|x86.ActiveCfg = Debug|Any CPU
		{4E7F8FB3-33EE-4284-87FE-E78EBDDB1406}.Debug|x86.Build.0 = Debug|Any CPU
		{4E7F8FB3-33EE-4284-87FE-E78EBDDB1406}.Release|Any CPU.ActiveCfg = Release|Any CPU
		{4E7F8FB3-33EE-4284-87FE-E78EBDDB1406}.Release|Any CPU.Build.0 = Release|Any CPU
		{4E7F8FB3-33EE-4284-87FE-E78EBDDB1406}.Release|arm64.ActiveCfg = Release|Any CPU
		{4E7F8FB3-33EE-4284-87FE-E78EBDDB1406}.Release|arm64.Build.0 = Release|Any CPU
		{4E7F8FB3-33EE-4284-87FE-E78EBDDB1406}.Release|x86.ActiveCfg = Release|Any CPU
		{4E7F8FB3-33EE-4284-87FE-E78EBDDB1406}.Release|x86.Build.0 = Release|Any CPU
		{5150B5EF-A45D-4413-88D4-74170633301D}.Debug|Any CPU.ActiveCfg = Debug|Any CPU
		{5150B5EF-A45D-4413-88D4-74170633301D}.Debug|Any CPU.Build.0 = Debug|Any CPU
		{5150B5EF-A45D-4413-88D4-74170633301D}.Debug|arm64.ActiveCfg = Debug|Any CPU
		{5150B5EF-A45D-4413-88D4-74170633301D}.Debug|arm64.Build.0 = Debug|Any CPU
		{5150B5EF-A45D-4413-88D4-74170633301D}.Debug|x86.ActiveCfg = Debug|Any CPU
		{5150B5EF-A45D-4413-88D4-74170633301D}.Debug|x86.Build.0 = Debug|Any CPU
		{5150B5EF-A45D-4413-88D4-74170633301D}.Release|Any CPU.ActiveCfg = Release|Any CPU
		{5150B5EF-A45D-4413-88D4-74170633301D}.Release|Any CPU.Build.0 = Release|Any CPU
		{5150B5EF-A45D-4413-88D4-74170633301D}.Release|arm64.ActiveCfg = Release|Any CPU
		{5150B5EF-A45D-4413-88D4-74170633301D}.Release|arm64.Build.0 = Release|Any CPU
		{5150B5EF-A45D-4413-88D4-74170633301D}.Release|x86.ActiveCfg = Release|Any CPU
		{5150B5EF-A45D-4413-88D4-74170633301D}.Release|x86.Build.0 = Release|Any CPU
		{D298403F-60CC-469C-8346-4D7FA4EE9AB4}.Debug|Any CPU.ActiveCfg = Debug|Any CPU
		{D298403F-60CC-469C-8346-4D7FA4EE9AB4}.Debug|Any CPU.Build.0 = Debug|Any CPU
		{D298403F-60CC-469C-8346-4D7FA4EE9AB4}.Debug|arm64.ActiveCfg = Debug|Any CPU
		{D298403F-60CC-469C-8346-4D7FA4EE9AB4}.Debug|arm64.Build.0 = Debug|Any CPU
		{D298403F-60CC-469C-8346-4D7FA4EE9AB4}.Debug|x86.ActiveCfg = Debug|Any CPU
		{D298403F-60CC-469C-8346-4D7FA4EE9AB4}.Debug|x86.Build.0 = Debug|Any CPU
		{D298403F-60CC-469C-8346-4D7FA4EE9AB4}.Release|Any CPU.ActiveCfg = Release|Any CPU
		{D298403F-60CC-469C-8346-4D7FA4EE9AB4}.Release|Any CPU.Build.0 = Release|Any CPU
		{D298403F-60CC-469C-8346-4D7FA4EE9AB4}.Release|arm64.ActiveCfg = Release|Any CPU
		{D298403F-60CC-469C-8346-4D7FA4EE9AB4}.Release|arm64.Build.0 = Release|Any CPU
		{D298403F-60CC-469C-8346-4D7FA4EE9AB4}.Release|x86.ActiveCfg = Release|Any CPU
		{D298403F-60CC-469C-8346-4D7FA4EE9AB4}.Release|x86.Build.0 = Release|Any CPU
		{6124E701-D127-43CC-A495-EE03614F427E}.Debug|Any CPU.ActiveCfg = Debug|Any CPU
		{6124E701-D127-43CC-A495-EE03614F427E}.Debug|Any CPU.Build.0 = Debug|Any CPU
		{6124E701-D127-43CC-A495-EE03614F427E}.Debug|arm64.ActiveCfg = Debug|arm64
		{6124E701-D127-43CC-A495-EE03614F427E}.Debug|arm64.Build.0 = Debug|arm64
		{6124E701-D127-43CC-A495-EE03614F427E}.Debug|x86.ActiveCfg = Debug|x86
		{6124E701-D127-43CC-A495-EE03614F427E}.Debug|x86.Build.0 = Debug|x86
		{6124E701-D127-43CC-A495-EE03614F427E}.Release|Any CPU.ActiveCfg = Release|Any CPU
		{6124E701-D127-43CC-A495-EE03614F427E}.Release|Any CPU.Build.0 = Release|Any CPU
		{6124E701-D127-43CC-A495-EE03614F427E}.Release|arm64.ActiveCfg = Release|arm64
		{6124E701-D127-43CC-A495-EE03614F427E}.Release|arm64.Build.0 = Release|arm64
		{6124E701-D127-43CC-A495-EE03614F427E}.Release|x86.ActiveCfg = Release|x86
		{6124E701-D127-43CC-A495-EE03614F427E}.Release|x86.Build.0 = Release|x86
		{E324EE0E-3065-4319-968D-301F51AC0578}.Debug|Any CPU.ActiveCfg = Debug|Any CPU
		{E324EE0E-3065-4319-968D-301F51AC0578}.Debug|Any CPU.Build.0 = Debug|Any CPU
		{E324EE0E-3065-4319-968D-301F51AC0578}.Debug|arm64.ActiveCfg = Debug|Any CPU
		{E324EE0E-3065-4319-968D-301F51AC0578}.Debug|arm64.Build.0 = Debug|Any CPU
		{E324EE0E-3065-4319-968D-301F51AC0578}.Debug|x86.ActiveCfg = Debug|Any CPU
		{E324EE0E-3065-4319-968D-301F51AC0578}.Debug|x86.Build.0 = Debug|Any CPU
		{E324EE0E-3065-4319-968D-301F51AC0578}.Release|Any CPU.ActiveCfg = Release|Any CPU
		{E324EE0E-3065-4319-968D-301F51AC0578}.Release|Any CPU.Build.0 = Release|Any CPU
		{E324EE0E-3065-4319-968D-301F51AC0578}.Release|arm64.ActiveCfg = Release|Any CPU
		{E324EE0E-3065-4319-968D-301F51AC0578}.Release|arm64.Build.0 = Release|Any CPU
		{E324EE0E-3065-4319-968D-301F51AC0578}.Release|x86.ActiveCfg = Release|Any CPU
		{E324EE0E-3065-4319-968D-301F51AC0578}.Release|x86.Build.0 = Release|Any CPU
	EndGlobalSection
	GlobalSection(SolutionProperties) = preSolution
		HideSolutionNode = FALSE
	EndGlobalSection
	GlobalSection(ExtensibilityGlobals) = postSolution
		SolutionGuid = {17B087D6-5836-44DE-99BD-91F74F461310}
	EndGlobalSection
	GlobalSection(SharedMSBuildProjectFiles) = preSolution
		StringProcessorShared\StringProcessorShared.projitems*{0cd91edb-9df6-4d46-9cbb-1d7bf984a8c1}*SharedItemsImports = 13
		SourceControlDLShared\SourceControlDLShared.projitems*{373dcc21-2ff6-40ca-8108-0dc646ca4553}*SharedItemsImports = 13
		SQLPasteShared\SQLPasteShared.projitems*{373ec34a-f4a0-4cb3-80fb-26884bae0fb4}*SharedItemsImports = 13
		SharedSrc\SharedSrc.projitems*{3c01a506-2c7d-4960-87c0-3cbac57bc1d5}*SharedItemsImports = 13
		SharedSrc\SharedSrc.projitems*{4e7f8fb3-33ee-4284-87fe-e78ebddb1406}*SharedItemsImports = 4
		SourceControlDLShared2\SourceControlDLShared2.projitems*{4e7f8fb3-33ee-4284-87fe-e78ebddb1406}*SharedItemsImports = 4
		SourceControlDLShared\SourceControlDLShared.projitems*{4e7f8fb3-33ee-4284-87fe-e78ebddb1406}*SharedItemsImports = 4
		SharedSrc\SharedSrc.projitems*{5150b5ef-a45d-4413-88d4-74170633301d}*SharedItemsImports = 4
		SQLPasteShared\SQLPasteShared.projitems*{5150b5ef-a45d-4413-88d4-74170633301d}*SharedItemsImports = 4
		StringProcessorShared\StringProcessorShared.projitems*{5150b5ef-a45d-4413-88d4-74170633301d}*SharedItemsImports = 4
		SharedSrc\SharedSrc.projitems*{6124e701-d127-43cc-a495-ee03614f427e}*SharedItemsImports = 4
		SourceControlDLShared2\SourceControlDLShared2.projitems*{6124e701-d127-43cc-a495-ee03614f427e}*SharedItemsImports = 4
		SourceControlDLShared\SourceControlDLShared.projitems*{6124e701-d127-43cc-a495-ee03614f427e}*SharedItemsImports = 4
		SourceControlDLShared2\SourceControlDLShared2.projitems*{c5259345-0e97-4820-aadd-a4343b8d9f12}*SharedItemsImports = 13
		SharedSrc\SharedSrc.projitems*{d298403f-60cc-469c-8346-4d7fa4ee9ab4}*SharedItemsImports = 4
		SharedSrc\SharedSrc.projitems*{e324ee0e-3065-4319-968d-301f51ac0578}*SharedItemsImports = 4
		SQLPasteShared\SQLPasteShared.projitems*{e324ee0e-3065-4319-968d-301f51ac0578}*SharedItemsImports = 4
		StringProcessorShared\StringProcessorShared.projitems*{e324ee0e-3065-4319-968d-301f51ac0578}*SharedItemsImports = 4
		SharedSrc\SharedSrc.projitems*{f14c5d20-d1c6-4830-b56e-5b6caa329da6}*SharedItemsImports = 4
		SourceControlDLShared2\SourceControlDLShared2.projitems*{f2661ed4-48f7-4f33-a69b-59893d7a9638}*SharedItemsImports = 5
		StringProcessorShared\StringProcessorShared.projitems*{f2661ed4-48f7-4f33-a69b-59893d7a9638}*SharedItemsImports = 5
	EndGlobalSection
EndGlobal
